
Microsoft Visual Studio Solution File, Format Version 12.00
# Visual Studio Version 17
VisualStudioVersion = 17.5.33530.505
MinimumVisualStudioVersion = 10.0.40219.1
Project("{9A19103F-16F7-4668-BE54-9A1E7A4F7556}") = "AppCore", "AppCore\AppCore.csproj", "{CBEDB600-4DE8-4914-866C-668608336CE1}"
EndProject
Project("{9A19103F-16F7-4668-BE54-9A1E7A4F7556}") = "AppDAL", "AppDAL\AppDAL.csproj", "{1E4E34FE-0682-452C-898E-7D67047431F7}"
EndProject
Project("{FAE04EC0-301F-11D3-BF4B-00C04F79EFBC}") = "AppBusiness", "AppBusiness\AppBusiness.csproj", "{A826411D-9393-4372-9B67-A4E494A69434}"
EndProject
Project("{FAE04EC0-301F-11D3-BF4B-00C04F79EFBC}") = "AppWebAPI", "AppWebAPI\AppWebAPI.csproj", "{97AF5BE8-EE93-4291-9BDB-4F9DE771BA8C}"
EndProject
Global
	GlobalSection(SolutionConfigurationPlatforms) = preSolution
		Debug|Any CPU = Debug|Any CPU
		Release|Any CPU = Release|Any CPU
	EndGlobalSection
	GlobalSection(ProjectConfigurationPlatforms) = postSolution
		{CBEDB600-4DE8-4914-866C-668608336CE1}.Debug|Any CPU.ActiveCfg = Debug|Any CPU
		{CBEDB600-4DE8-4914-866C-668608336CE1}.Debug|Any CPU.Build.0 = Debug|Any CPU
		{CBEDB600-4DE8-4914-866C-668608336CE1}.Release|Any CPU.ActiveCfg = Release|Any CPU
		{CBEDB600-4DE8-4914-866C-668608336CE1}.Release|Any CPU.Build.0 = Release|Any CPU
		{1E4E34FE-0682-452C-898E-7D67047431F7}.Debug|Any CPU.ActiveCfg = Debug|Any CPU
		{1E4E34FE-0682-452C-898E-7D67047431F7}.Debug|Any CPU.Build.0 = Debug|Any CPU
		{1E4E34FE-0682-452C-898E-7D67047431F7}.Release|Any CPU.ActiveCfg = Release|Any CPU
		{1E4E34FE-0682-452C-898E-7D67047431F7}.Release|Any CPU.Build.0 = Release|Any CPU
		{A826411D-9393-4372-9B67-A4E494A69434}.Debug|Any CPU.ActiveCfg = Debug|Any CPU
		{A826411D-9393-4372-9B67-A4E494A69434}.Debug|Any CPU.Build.0 = Debug|Any CPU
		{A826411D-9393-4372-9B67-A4E494A69434}.Release|Any CPU.ActiveCfg = Release|Any CPU
		{A826411D-9393-4372-9B67-A4E494A69434}.Release|Any CPU.Build.0 = Release|Any CPU
		{97AF5BE8-EE93-4291-9BDB-4F9DE771BA8C}.Debug|Any CPU.ActiveCfg = Debug|Any CPU
		{97AF5BE8-EE93-4291-9BDB-4F9DE771BA8C}.Debug|Any CPU.Build.0 = Debug|Any CPU
		{97AF5BE8-EE93-4291-9BDB-4F9DE771BA8C}.Release|Any CPU.ActiveCfg = Release|Any CPU
		{97AF5BE8-EE93-4291-9BDB-4F9DE771BA8C}.Release|Any CPU.Build.0 = Release|Any CPU
	EndGlobalSection
	GlobalSection(SolutionProperties) = preSolution
		HideSolutionNode = FALSE
	EndGlobalSection
	GlobalSection(ExtensibilityGlobals) = postSolution
		SolutionGuid = {C9157B03-ECE9-419A-9A8A-B6CD996D39CC}
	EndGlobalSection
EndGlobal
